PackratFormat: 1.4
PackratVersion: 0.4.8.57
RVersion: 3.4.3
Repos: CRAN=https://cloud.r-project.org,
    CRANextra=http://www.stats.ox.ac.uk/pub/RWin

Package: BH
Source: CRAN
Version: 1.66.0-1
Hash: 4cc8883584b955ed01f38f68bc03af6d

Package: R6
Source: CRAN
Version: 2.2.2
Hash: b2366cd9d2f3851a5704b4e192b985c2

Package: RColorBrewer
Source: CRAN
Version: 1.1-2
Hash: c0d56cd15034f395874c870141870c25

Package: Rcpp
Source: CRAN
Version: 0.12.15
Hash: a419463fc86b3ecc7338ae3ac3bbb268

Package: assertthat
Source: github
Version: 0.2.0.9000
Hash: e0883c9d66dca0869ec59a29afaa5e4a
GithubRepo: assertthat
GithubUsername: hadley
GithubRef: master
GithubSha1: 37f0a56e94a10b8d0280fdabc08ffc1d6adbe1ee

Package: backports
Source: CRAN
Version: 1.1.2
Hash: 5ae7b3466e529e4400951ca18c137e40

Package: bindr
Source: CRAN
Version: 0.1
Hash: e3a02070cf705d3ad1c5af1635a515a3

Package: bindrcpp
Source: CRAN
Version: 0.2
Hash: 2d69ff431a54f6c4a750754b88c7e0af
Requires: Rcpp, bindr, plogr

Package: brew
Source: CRAN
Version: 1.0-6
Hash: 931f9972deae0f205e1c78a51f33149b

Package: cli
Source: CRAN
Version: 1.0.0
Hash: f4239f89feb7ddc65821e4514e9734ae
Requires: assertthat, crayon

Package: clipr
Source: CRAN
Version: 0.4.0
Hash: 0d4860516c7e3120f8116a639b1ff553

Package: clisymbols
Source: CRAN
Version: 1.2.0
Hash: a76a309884277a4fd8a5d741965fbef5

Package: colorspace
Source: CRAN
Version: 1.3-2
Hash: 0bf8618b585fa98eb23414cd3ab95118

Package: commonmark
Source: CRAN
Version: 1.4
Hash: 91d7807331a4a37ef8376fb073960ee4

Package: crayon
Source: CRAN
Version: 1.3.4
Hash: ff2840dd9b0d563fc80377a5a45510cd

Package: curl
Source: CRAN
Version: 3.1
Hash: 877149b42d479b93ab15d5cef46c0f1b

Package: desc
Source: CRAN
Version: 1.1.1
Hash: 2f99e95211c4ba6efcf5538d096587fc
Requires: R6, assertthat, crayon, rprojroot

Package: devtools
Source: CRAN
Version: 1.13.5
Hash: 80061b2ad6853fd3665bf883123a1b1a
Requires: digest, git2r, httr, jsonlite, memoise, rstudioapi, whisker,
    withr

Package: dichromat
Source: CRAN
Version: 2.0-0
Hash: 08eed0c80510af29bb15f840ccfe37ce

Package: digest
Source: CRAN
Version: 0.6.15
Hash: 1f202ebd812ac7192be3739245746a13

Package: dplyr
Source: CRAN
Version: 0.7.4
Hash: c15022862b3eb28a528656b4b3b84e89
Requires: BH, R6, Rcpp, assertthat, bindrcpp, glue, magrittr,
    pkgconfig, plogr, rlang, tibble

Package: evaluate
Source: CRAN
Version: 0.10.1
Hash: 54d95f4ec6d0300100413ed0127d89ae
Requires: stringr

Package: fs
Source: github
Version: 1.2.0
Hash: 47f2232f30a84b4432dad0d3afbd3ed5
Requires: Rcpp
GithubRepo: fs
GithubUsername: r-lib
GithubRef: master
GithubSha1: 0d386610c74caf855423667ec50af2d28b1347d2

Package: ggplot2
Source: CRAN
Version: 2.2.1
Hash: 46e5cb78836848aa44655e577433f54b
Requires: digest, gtable, lazyeval, plyr, reshape2, scales, tibble

Package: gh
Source: CRAN
Version: 1.0.1
Hash: 0fafa863f1a86a1f1966e5d5b46a48b5
Requires: httr, ini, jsonlite

Package: git2r
Source: CRAN
Version: 0.21.0
Hash: 64747922e287be74e8e8b46c107fd3ef

Package: glue
Source: CRAN
Version: 1.2.0
Hash: 381e42baedecc633c0e547a0c7ca9de7

Package: gtable
Source: CRAN
Version: 0.2.0
Hash: cd78381a9d3fea966ac39bd0daaf5554

Package: highr
Source: CRAN
Version: 0.6
Hash: aa3d5b7912b5fed4b546ed5cd2a1760b

Package: hms
Source: CRAN
Version: 0.4.1
Hash: f245eee62ab93358520f95cae7aeb5f4
Requires: pkgconfig, rlang

Package: httr
Source: CRAN
Version: 1.3.1
Hash: 2d32e01e53d532c812052e27a1021441
Requires: R6, curl, jsonlite, mime, openssl

Package: igraph
Source: CRAN
Version: 1.1.2
Hash: 07d33f151f94269a4573d354104e81aa
Requires: irlba, magrittr, pkgconfig

Package: ini
Source: CRAN
Version: 0.3.0
Hash: 6f838ce34ea57d28eaf08709680a5501

Package: irlba
Source: CRAN
Version: 2.3.2
Hash: d74276ec87d16798fa5f0d7a323fb58b

Package: jsonlite
Source: CRAN
Version: 1.5
Hash: 9c51936d8dd00b2f1d4fe9d10499694c

Package: knitr
Source: CRAN
Version: 1.20
Hash: 9c6b215d1d02b97586c8232e94533e6a
Requires: evaluate, highr, markdown, stringr, yaml

Package: labeling
Source: CRAN
Version: 0.3
Hash: ecf589b42cd284b03a4beb9665482d3e

Package: lazyeval
Source: CRAN
Version: 0.2.1
Hash: 88926ad9c43581fd0822a37c8ed09f05

Package: lintr
Source: CRAN
Version: 1.0.2
Hash: 9ab51fac036f8724e44ee99d69c4238f
Requires: crayon, digest, httr, igraph, jsonlite, knitr, rex,
    rstudioapi, stringdist, testthat

Package: lubridate
Source: CRAN
Version: 1.7.2
Hash: fb9f1a7a733f19d2a5f4c5dae5f47ed9
Requires: Rcpp, stringr

Package: magrittr
Source: CRAN
Version: 1.5
Hash: bdc4d48c3135e8f3b399536ddf160df4

Package: markdown
Source: CRAN
Version: 0.8
Hash: 045d7c594d503b41f1c28946d076c8aa
Requires: mime

Package: memoise
Source: CRAN
Version: 1.1.0
Hash: 410fcd334bc626db100237cc1370f2e9
Requires: digest

Package: mime
Source: CRAN
Version: 0.5
Hash: 463550cf44fb6f0a2359368f42eebe62

Package: munsell
Source: CRAN
Version: 0.4.3
Hash: f96d896947fcaf9b6d0074002e9f4f9d
Requires: colorspace

Package: openssl
Source: CRAN
Version: 1.0.1
Hash: e04b8ed7b05c1f75aa81c65a086b1d0c

Package: packrat
Source: github
Version: 0.4.8-57
Hash: 26a63c6e4f036aca04f3b09c673ff01c
GithubRepo: packrat
GithubUsername: rstudio
GithubRef: master
GithubSha1: 474fea70a977454ae4e9186468f4f1c5676603e0

Package: pillar
Source: CRAN
Version: 1.2.1
Hash: 21190605f9f425d625a09c8259860bae
Requires: cli, crayon, rlang, utf8

Package: pkgconfig
Source: CRAN
Version: 2.0.1
Hash: 0dda4a2654a22b36a715c2b0b6fbacac

Package: plogr
Source: CRAN
Version: 0.1-1
Hash: fb19215402e2d9f1c7f803dcaa806fc2

Package: plyr
Source: CRAN
Version: 1.8.4
Hash: 02588dd72bf343b964fa2fe450e0cf96
Requires: Rcpp

Package: praise
Source: CRAN
Version: 1.0.0
Hash: 77da8f1df873a4b91e5c4a68fe2fb1b6

Package: purrr
Source: CRAN
Version: 0.2.4
Hash: a80b244ccd3fdb33a0ff2be3c50dd648
Requires: magrittr, rlang, tibble

Package: readr
Source: CRAN
Version: 1.1.1
Hash: ca8420d2c9d884b0a42ee271d21d7cd3
Requires: BH, R6, Rcpp, hms, tibble

Package: rematch2
Source: CRAN
Version: 2.0.1
Hash: b7f86a340a404c69cfb770dfd2081dd9
Requires: tibble

Package: reshape2
Source: CRAN
Version: 1.4.3
Hash: d97526fe6578cabf71bb7688c601b4ba
Requires: Rcpp, plyr, stringr

Package: rex
Source: CRAN
Version: 1.1.2
Hash: 57541aaae58f1a284a398f5c62c95097
Requires: lazyeval, magrittr

Package: rlang
Source: CRAN
Version: 0.2.0
Hash: 647e2e50a72557d1a770dcd6701e562b

Package: roxygen2
Source: CRAN
Version: 6.0.1
Hash: 4436b7a0351046d4144ad6587081a660
Requires: R6, Rcpp, brew, commonmark, desc, digest, stringi, stringr,
    xml2

Package: rprojroot
Source: CRAN
Version: 1.3-2
Hash: a25c3f70c166fb3fbabc410eb32b6366
Requires: backports

Package: rstudioapi
Source: CRAN
Version: 0.7
Hash: e2ebaff8160aff3e6b32e6e78a693c2d

Package: scales
Source: CRAN
Version: 0.5.0
Hash: 671f5636c97d798fd738f04a847900de
Requires: R6, RColorBrewer, Rcpp, dichromat, labeling, munsell, plyr,
    viridisLite

Package: stringdist
Source: CRAN
Version: 0.9.4.6
Hash: 0298ec970febd790a28fc7c898854f5e

Package: stringi
Source: CRAN
Version: 1.1.6
Hash: 4430faf2bcbe1b8de0d9be55bcfdcc0b

Package: stringr
Source: CRAN
Version: 1.3.0
Hash: b2801fdc391caef2335dbdb1064836bb
Requires: glue, magrittr, stringi

Package: testthat
Source: CRAN
Version: 2.0.0
Hash: 537114b476376c5773bf3c557f5bbd19
Requires: R6, cli, crayon, digest, magrittr, praise, rlang, withr

Package: tibble
Source: CRAN
Version: 1.4.2
Hash: 83895360ce4f8d2ce92eee00526b5b0b
Requires: cli, crayon, pillar, rlang

Package: tidyr
Source: CRAN
Version: 0.8.0
Hash: e5bc44c5e2cb519dd49bbe9a1cca5f3c
Requires: Rcpp, dplyr, glue, magrittr, purrr, rlang, stringi, tibble,
    tidyselect

Package: tidyselect
Source: CRAN
Version: 0.2.4
Hash: c26bfc07c1bc93813e7d401ac7964cc2
Requires: Rcpp, glue, purrr, rlang

Package: usethis
Source: github
Version: 1.3.0.9000
Hash: 1ca9c1189354cb1f54497acfd80649f3
Requires: backports, clipr, clisymbols, crayon, curl, desc, gh, git2r,
    httr, rematch2, rprojroot, rstudioapi, whisker
GithubRepo: usethis
GithubUsername: r-lib
GithubRef: master
GithubSha1: 59b083779c142242ed5291242b72f41822996000

Package: utf8
Source: CRAN
Version: 1.1.3
Hash: a2fe6a996668ee5850b7719f365e831b

Package: viridisLite
Source: CRAN
Version: 0.3.0
Hash: 78bb072c4f9e729a283d4c40ec93f9c6

Package: whisker
Source: CRAN
Version: 0.3-2
Hash: 803d662762e532705c2c066a82d066e7

Package: withr
Source: CRAN
Version: 2.1.1
Hash: a86856ae0b4a7c3daf9a3ef0097a403b

Package: xml2
Source: CRAN
Version: 1.2.0
Hash: 94e9b541116e27d80a23d436f81eda80
Requires: Rcpp

Package: yaml
Source: CRAN
Version: 2.1.17
Hash: db4c0c053bdd419d231665e72237a8a9
